
Microsoft Visual Studio Solution File, Format Version 12.00
# Visual Studio Version 16
VisualStudioVersion = 16.0.31025.194
MinimumVisualStudioVersion = 10.0.40219.1
Project("{FAE04EC0-301F-11D3-BF4B-00C04F79EFBC}") = "AfroFashion.Core", "AfroFashion.Core\AfroFashion.Core.csproj", "{044AE7D6-BF7E-4853-AD78-C123327F3931}"
EndProject
Project("{FAE04EC0-301F-11D3-BF4B-00C04F79EFBC}") = "AfroFashion.API", "AfroFashion.API\AfroFashion.API.csproj", "{BACAED81-009D-47AD-83E2-F3ED8710643B}"
EndProject
Global
	GlobalSection(SolutionConfigurationPlatforms) = preSolution
		Debug|Any CPU = Debug|Any CPU
		Release|Any CPU = Release|Any CPU
	EndGlobalSection
	GlobalSection(ProjectConfigurationPlatforms) = postSolution
		{044AE7D6-BF7E-4853-AD78-C123327F3931}.Debug|Any CPU.ActiveCfg = Debug|Any CPU
		{044AE7D6-BF7E-4853-AD78-C123327F3931}.Debug|Any CPU.Build.0 = Debug|Any CPU
		{044AE7D6-BF7E-4853-AD78-C123327F3931}.Release|Any CPU.ActiveCfg = Release|Any CPU
		{044AE7D6-BF7E-4853-AD78-C123327F3931}.Release|Any CPU.Build.0 = Release|Any CPU
		{BACAED81-009D-47AD-83E2-F3ED8710643B}.Debug|Any CPU.ActiveCfg = Debug|Any CPU
		{BACAED81-009D-47AD-83E2-F3ED8710643B}.Debug|Any CPU.Build.0 = Debug|Any CPU
		{BACAED81-009D-47AD-83E2-F3ED8710643B}.Release|Any CPU.ActiveCfg = Release|Any CPU
		{BACAED81-009D-47AD-83E2-F3ED8710643B}.Release|Any CPU.Build.0 = Release|Any CPU
	EndGlobalSection
	GlobalSection(SolutionProperties) = preSolution
		HideSolutionNode = FALSE
	EndGlobalSection
	GlobalSection(ExtensibilityGlobals) = postSolution
		SolutionGuid = {123F7C65-804A-412E-A36C-58DEBFD6E3DF}
	EndGlobalSection
EndGlobal
